
Microsoft Visual Studio Solution File, Format Version 12.00
# Visual Studio Version 17
VisualStudioVersion = 17.0.31903.59
MinimumVisualStudioVersion = 10.0.40219.1
Project("{FAE04EC0-301F-11D3-BF4B-00C04F79EFBC}") = "cqrsmediator.Api", "cqrsmediator.Api\cqrsmediator.Api.csproj", "{AA806DFB-965A-4587-9950-34F6FCD5DDF8}"
EndProject
Project("{FAE04EC0-301F-11D3-BF4B-00C04F79EFBC}") = "cqrsmediator.Domain", "cqrsmediator.Domain\cqrsmediator.Domain.csproj", "{BD89DF57-6562-42D9-ABBE-52B667577A84}"
EndProject
Project("{FAE04EC0-301F-11D3-BF4B-00C04F79EFBC}") = "cqrsmediator.Application", "cqrsmediator.Application\cqrsmediator.Application.csproj", "{62443A1F-B934-47AD-9D8F-CDF11721CD47}"
EndProject
Project("{FAE04EC0-301F-11D3-BF4B-00C04F79EFBC}") = "cqrsmediator.Infrastructure", "cqrsmediator.Infrastructure\cqrsmediator.Infrastructure.csproj", "{BD5FBBE8-0F94-4F5A-88A2-EFA9F066ED55}"
EndProject
Global
	GlobalSection(SolutionConfigurationPlatforms) = preSolution
		Debug|Any CPU = Debug|Any CPU
		Release|Any CPU = Release|Any CPU
	EndGlobalSection
	GlobalSection(SolutionProperties) = preSolution
		HideSolutionNode = FALSE
	EndGlobalSection
	GlobalSection(ProjectConfigurationPlatforms) = postSolution
		{AA806DFB-965A-4587-9950-34F6FCD5DDF8}.Debug|Any CPU.ActiveCfg = Debug|Any CPU
		{AA806DFB-965A-4587-9950-34F6FCD5DDF8}.Debug|Any CPU.Build.0 = Debug|Any CPU
		{AA806DFB-965A-4587-9950-34F6FCD5DDF8}.Release|Any CPU.ActiveCfg = Release|Any CPU
		{AA806DFB-965A-4587-9950-34F6FCD5DDF8}.Release|Any CPU.Build.0 = Release|Any CPU
		{BD89DF57-6562-42D9-ABBE-52B667577A84}.Debug|Any CPU.ActiveCfg = Debug|Any CPU
		{BD89DF57-6562-42D9-ABBE-52B667577A84}.Debug|Any CPU.Build.0 = Debug|Any CPU
		{BD89DF57-6562-42D9-ABBE-52B667577A84}.Release|Any CPU.ActiveCfg = Release|Any CPU
		{BD89DF57-6562-42D9-ABBE-52B667577A84}.Release|Any CPU.Build.0 = Release|Any CPU
		{62443A1F-B934-47AD-9D8F-CDF11721CD47}.Debug|Any CPU.ActiveCfg = Debug|Any CPU
		{62443A1F-B934-47AD-9D8F-CDF11721CD47}.Debug|Any CPU.Build.0 = Debug|Any CPU
		{62443A1F-B934-47AD-9D8F-CDF11721CD47}.Release|Any CPU.ActiveCfg = Release|Any CPU
		{62443A1F-B934-47AD-9D8F-CDF11721CD47}.Release|Any CPU.Build.0 = Release|Any CPU
		{BD5FBBE8-0F94-4F5A-88A2-EFA9F066ED55}.Debug|Any CPU.ActiveCfg = Debug|Any CPU
		{BD5FBBE8-0F94-4F5A-88A2-EFA9F066ED55}.Debug|Any CPU.Build.0 = Debug|Any CPU
		{BD5FBBE8-0F94-4F5A-88A2-EFA9F066ED55}.Release|Any CPU.ActiveCfg = Release|Any CPU
		{BD5FBBE8-0F94-4F5A-88A2-EFA9F066ED55}.Release|Any CPU.Build.0 = Release|Any CPU
	EndGlobalSection
EndGlobal
